
Microsoft Visual Studio Solution File, Format Version 12.00
# Visual Studio 15
Project("{FAE04EC0-301F-11D3-BF4B-00C04F79EFBC}") = "Assembly-CSharp", "Assembly-CSharp.csproj", "{89AA9B92-F1FC-B89C-B6F0-89D741EF7BFE}"
EndProject
Project("{FAE04EC0-301F-11D3-BF4B-00C04F79EFBC}") = "com.ben-w.erp", "com.ben-w.erp.csproj", "{032CC62A-71B8-3945-7C09-6893DF8BE49A}"
EndProject
Global
	GlobalSection(SolutionConfigurationPlatforms) = preSolution
		Debug|Any CPU = Debug|Any CPU
		Release|Any CPU = Release|Any CPU
	EndGlobalSection
	GlobalSection(ProjectConfigurationPlatforms) = postSolution
		{89AA9B92-F1FC-B89C-B6F0-89D741EF7BFE}.Debug|Any CPU.ActiveCfg = Debug|Any CPU
		{89AA9B92-F1FC-B89C-B6F0-89D741EF7BFE}.Debug|Any CPU.Build.0 = Debug|Any CPU
		{89AA9B92-F1FC-B89C-B6F0-89D741EF7BFE}.Release|Any CPU.ActiveCfg = Release|Any CPU
		{89AA9B92-F1FC-B89C-B6F0-89D741EF7BFE}.Release|Any CPU.Build.0 = Release|Any CPU
		{032CC62A-71B8-3945-7C09-6893DF8BE49A}.Debug|Any CPU.ActiveCfg = Debug|Any CPU
		{032CC62A-71B8-3945-7C09-6893DF8BE49A}.Debug|Any CPU.Build.0 = Debug|Any CPU
		{032CC62A-71B8-3945-7C09-6893DF8BE49A}.Release|Any CPU.ActiveCfg = Release|Any CPU
		{032CC62A-71B8-3945-7C09-6893DF8BE49A}.Release|Any CPU.Build.0 = Release|Any CPU
	EndGlobalSection
	GlobalSection(SolutionProperties) = preSolution
		HideSolutionNode = FALSE
	EndGlobalSection
EndGlobal
